
Microsoft Visual Studio Solution File, Format Version 12.00
# Visual Studio Version 17
VisualStudioVersion = 17.14.36414.22 d17.14
MinimumVisualStudioVersion = 10.0.40219.1
Project("{FAE04EC0-301F-11D3-BF4B-00C04F79EFBC}") = "Check_IT", "Check_IT\Check_IT.csproj", "{AD291C5A-B9E9-4725-B371-CA1FEB1119ED}"
EndProject
Global
	GlobalSection(SolutionConfigurationPlatforms) = preSolution
		Debug|Any CPU = Debug|Any CPU
		Release|Any CPU = Release|Any CPU
	EndGlobalSection
	GlobalSection(ProjectConfigurationPlatforms) = postSolution
		{AD291C5A-B9E9-4725-B371-CA1FEB1119ED}.Debug|Any CPU.ActiveCfg = Debug|Any CPU
		{AD291C5A-B9E9-4725-B371-CA1FEB1119ED}.Debug|Any CPU.Build.0 = Debug|Any CPU
		{AD291C5A-B9E9-4725-B371-CA1FEB1119ED}.Release|Any CPU.ActiveCfg = Release|Any CPU
		{AD291C5A-B9E9-4725-B371-CA1FEB1119ED}.Release|Any CPU.Build.0 = Release|Any CPU
	EndGlobalSection
	GlobalSection(SolutionProperties) = preSolution
		HideSolutionNode = FALSE
	EndGlobalSection
	GlobalSection(ExtensibilityGlobals) = postSolution
		SolutionGuid = {44D5CC62-F5D6-49CE-9D73-5350907EB28D}
	EndGlobalSection
EndGlobal
